
Microsoft Visual Studio Solution File, Format Version 12.00
# Visual Studio 14
VisualStudioVersion = 14.0.25420.1
MinimumVisualStudioVersion = 10.0.40219.1
Project("{FAE04EC0-301F-11D3-BF4B-00C04F79EFBC}") = "Tests", "Tests\Tests.csproj", "{D72E63BB-3E09-4890-96B2-DDB08C618FDA}"
	ProjectSection(ProjectDependencies) = postProject
		{7069D83A-3933-4135-922B-76F754740A00} = {7069D83A-3933-4135-922B-76F754740A00}
		{53877B60-2EAE-4581-80D6-A2DCA5D99B67} = {53877B60-2EAE-4581-80D6-A2DCA5D99B67}
		{A40F199B-72F2-4FDB-8952-C8A3C3FEBF02} = {A40F199B-72F2-4FDB-8952-C8A3C3FEBF02}
		{91FF5BAB-8DA6-4FD2-B0B5-48A99784E702} = {91FF5BAB-8DA6-4FD2-B0B5-48A99784E702}
		{AB12DCBC-8947-4A5B-B404-2DAB7BCE17BD} = {AB12DCBC-8947-4A5B-B404-2DAB7BCE17BD}
		{F31299DC-288F-4E46-A3AF-6BF461B21C79} = {F31299DC-288F-4E46-A3AF-6BF461B21C79}
	EndProjectSection
EndProject
Project("{FAE04EC0-301F-11D3-BF4B-00C04F79EFBC}") = "Resources", "Resources\Resources.csproj", "{AB12DCBC-8947-4A5B-B404-2DAB7BCE17BD}"
EndProject
Project("{FAE04EC0-301F-11D3-BF4B-00C04F79EFBC}") = "SpreadsheetGUI", "Demo\SpreadsheetGUI.csproj", "{7069D83A-3933-4135-922B-76F754740A00}"
	ProjectSection(ProjectDependencies) = postProject
		{53877B60-2EAE-4581-80D6-A2DCA5D99B67} = {53877B60-2EAE-4581-80D6-A2DCA5D99B67}
		{A40F199B-72F2-4FDB-8952-C8A3C3FEBF02} = {A40F199B-72F2-4FDB-8952-C8A3C3FEBF02}
		{91FF5BAB-8DA6-4FD2-B0B5-48A99784E702} = {91FF5BAB-8DA6-4FD2-B0B5-48A99784E702}
		{AB12DCBC-8947-4A5B-B404-2DAB7BCE17BD} = {AB12DCBC-8947-4A5B-B404-2DAB7BCE17BD}
		{F31299DC-288F-4E46-A3AF-6BF461B21C79} = {F31299DC-288F-4E46-A3AF-6BF461B21C79}
	EndProjectSection
EndProject
Project("{FAE04EC0-301F-11D3-BF4B-00C04F79EFBC}") = "SpreadsheetPanel", "SpreadsheetPanel\SpreadsheetPanel.csproj", "{F31299DC-288F-4E46-A3AF-6BF461B21C79}"
EndProject
Project("{FAE04EC0-301F-11D3-BF4B-00C04F79EFBC}") = "Formula", "Formula\Formula.csproj", "{53877B60-2EAE-4581-80D6-A2DCA5D99B67}"
	ProjectSection(ProjectDependencies) = postProject
		{91FF5BAB-8DA6-4FD2-B0B5-48A99784E702} = {91FF5BAB-8DA6-4FD2-B0B5-48A99784E702}
	EndProjectSection
EndProject
Project("{FAE04EC0-301F-11D3-BF4B-00C04F79EFBC}") = "Spreadsheet", "Spreadsheet\Spreadsheet.csproj", "{A40F199B-72F2-4FDB-8952-C8A3C3FEBF02}"
	ProjectSection(ProjectDependencies) = postProject
		{53877B60-2EAE-4581-80D6-A2DCA5D99B67} = {53877B60-2EAE-4581-80D6-A2DCA5D99B67}
		{91FF5BAB-8DA6-4FD2-B0B5-48A99784E702} = {91FF5BAB-8DA6-4FD2-B0B5-48A99784E702}
	EndProjectSection
EndProject
Project("{FAE04EC0-301F-11D3-BF4B-00C04F79EFBC}") = "DependencyGraph", "DependencyGraph\DependencyGraph.csproj", "{91FF5BAB-8DA6-4FD2-B0B5-48A99784E702}"
EndProject
Global
	GlobalSection(SolutionConfigurationPlatforms) = preSolution
		Debug|Any CPU = Debug|Any CPU
		Debug|x86 = Debug|x86
		Release|Any CPU = Release|Any CPU
		Release|x86 = Release|x86
	EndGlobalSection
	GlobalSection(ProjectConfigurationPlatforms) = postSolution
		{D72E63BB-3E09-4890-96B2-DDB08C618FDA}.Debug|Any CPU.ActiveCfg = Debug|Any CPU
		{D72E63BB-3E09-4890-96B2-DDB08C618FDA}.Debug|Any CPU.Build.0 = Debug|Any CPU
		{D72E63BB-3E09-4890-96B2-DDB08C618FDA}.Debug|x86.ActiveCfg = Debug|Any CPU
		{D72E63BB-3E09-4890-96B2-DDB08C618FDA}.Debug|x86.Build.0 = Debug|Any CPU
		{D72E63BB-3E09-4890-96B2-DDB08C618FDA}.Release|Any CPU.ActiveCfg = Release|Any CPU
		{D72E63BB-3E09-4890-96B2-DDB08C618FDA}.Release|Any CPU.Build.0 = Release|Any CPU
		{D72E63BB-3E09-4890-96B2-DDB08C618FDA}.Release|x86.ActiveCfg = Release|Any CPU
		{D72E63BB-3E09-4890-96B2-DDB08C618FDA}.Release|x86.Build.0 = Release|Any CPU
		{AB12DCBC-8947-4A5B-B404-2DAB7BCE17BD}.Debug|Any CPU.ActiveCfg = Debug|Any CPU
		{AB12DCBC-8947-4A5B-B404-2DAB7BCE17BD}.Debug|Any CPU.Build.0 = Debug|Any CPU
		{AB12DCBC-8947-4A5B-B404-2DAB7BCE17BD}.Debug|x86.ActiveCfg = Debug|Any CPU
		{AB12DCBC-8947-4A5B-B404-2DAB7BCE17BD}.Debug|x86.Build.0 = Debug|Any CPU
		{AB12DCBC-8947-4A5B-B404-2DAB7BCE17BD}.Release|Any CPU.ActiveCfg = Release|Any CPU
		{AB12DCBC-8947-4A5B-B404-2DAB7BCE17BD}.Release|Any CPU.Build.0 = Release|Any CPU
		{AB12DCBC-8947-4A5B-B404-2DAB7BCE17BD}.Release|x86.ActiveCfg = Release|Any CPU
		{AB12DCBC-8947-4A5B-B404-2DAB7BCE17BD}.Release|x86.Build.0 = Release|Any CPU
		{7069D83A-3933-4135-922B-76F754740A00}.Debug|Any CPU.ActiveCfg = Debug|x86
		{7069D83A-3933-4135-922B-76F754740A00}.Debug|Any CPU.Build.0 = Debug|x86
		{7069D83A-3933-4135-922B-76F754740A00}.Debug|x86.ActiveCfg = Debug|x86
		{7069D83A-3933-4135-922B-76F754740A00}.Debug|x86.Build.0 = Debug|x86
		{7069D83A-3933-4135-922B-76F754740A00}.Release|Any CPU.ActiveCfg = Release|x86
		{7069D83A-3933-4135-922B-76F754740A00}.Release|x86.ActiveCfg = Release|x86
		{7069D83A-3933-4135-922B-76F754740A00}.Release|x86.Build.0 = Release|x86
		{F31299DC-288F-4E46-A3AF-6BF461B21C79}.Debug|Any CPU.ActiveCfg = Debug|x86
		{F31299DC-288F-4E46-A3AF-6BF461B21C79}.Debug|Any CPU.Build.0 = Debug|x86
		{F31299DC-288F-4E46-A3AF-6BF461B21C79}.Debug|x86.ActiveCfg = Debug|x86
		{F31299DC-288F-4E46-A3AF-6BF461B21C79}.Debug|x86.Build.0 = Debug|x86
		{F31299DC-288F-4E46-A3AF-6BF461B21C79}.Release|Any CPU.ActiveCfg = Release|x86
		{F31299DC-288F-4E46-A3AF-6BF461B21C79}.Release|x86.ActiveCfg = Release|x86
		{F31299DC-288F-4E46-A3AF-6BF461B21C79}.Release|x86.Build.0 = Release|x86
		{53877B60-2EAE-4581-80D6-A2DCA5D99B67}.Debug|Any CPU.ActiveCfg = Debug|Any CPU
		{53877B60-2EAE-4581-80D6-A2DCA5D99B67}.Debug|Any CPU.Build.0 = Debug|Any CPU
		{53877B60-2EAE-4581-80D6-A2DCA5D99B67}.Debug|x86.ActiveCfg = Debug|Any CPU
		{53877B60-2EAE-4581-80D6-A2DCA5D99B67}.Debug|x86.Build.0 = Debug|Any CPU
		{53877B60-2EAE-4581-80D6-A2DCA5D99B67}.Release|Any CPU.ActiveCfg = Release|Any CPU
		{53877B60-2EAE-4581-80D6-A2DCA5D99B67}.Release|Any CPU.Build.0 = Release|Any CPU
		{53877B60-2EAE-4581-80D6-A2DCA5D99B67}.Release|x86.ActiveCfg = Release|Any CPU
		{53877B60-2EAE-4581-80D6-A2DCA5D99B67}.Release|x86.Build.0 = Release|Any CPU
		{A40F199B-72F2-4FDB-8952-C8A3C3FEBF02}.Debug|Any CPU.ActiveCfg = Debug|Any CPU
		{A40F199B-72F2-4FDB-8952-C8A3C3FEBF02}.Debug|Any CPU.Build.0 = Debug|Any CPU
		{A40F199B-72F2-4FDB-8952-C8A3C3FEBF02}.Debug|x86.ActiveCfg = Debug|Any CPU
		{A40F199B-72F2-4FDB-8952-C8A3C3FEBF02}.Debug|x86.Build.0 = Debug|Any CPU
		{A40F199B-72F2-4FDB-8952-C8A3C3FEBF02}.Release|Any CPU.ActiveCfg = Release|Any CPU
		{A40F199B-72F2-4FDB-8952-C8A3C3FEBF02}.Release|Any CPU.Build.0 = Release|Any CPU
		{A40F199B-72F2-4FDB-8952-C8A3C3FEBF02}.Release|x86.ActiveCfg = Release|Any CPU
		{A40F199B-72F2-4FDB-8952-C8A3C3FEBF02}.Release|x86.Build.0 = Release|Any CPU
		{91FF5BAB-8DA6-4FD2-B0B5-48A99784E702}.Debug|Any CPU.ActiveCfg = Debug|Any CPU
		{91FF5BAB-8DA6-4FD2-B0B5-48A99784E702}.Debug|Any CPU.Build.0 = Debug|Any CPU
		{91FF5BAB-8DA6-4FD2-B0B5-48A99784E702}.Debug|x86.ActiveCfg = Debug|Any CPU
		{91FF5BAB-8DA6-4FD2-B0B5-48A99784E702}.Debug|x86.Build.0 = Debug|Any CPU
		{91FF5BAB-8DA6-4FD2-B0B5-48A99784E702}.Release|Any CPU.ActiveCfg = Release|Any CPU
		{91FF5BAB-8DA6-4FD2-B0B5-48A99784E702}.Release|Any CPU.Build.0 = Release|Any CPU
		{91FF5BAB-8DA6-4FD2-B0B5-48A99784E702}.Release|x86.ActiveCfg = Release|Any CPU
		{91FF5BAB-8DA6-4FD2-B0B5-48A99784E702}.Release|x86.Build.0 = Release|Any CPU
	EndGlobalSection
	GlobalSection(SolutionProperties) = preSolution
		HideSolutionNode = FALSE
	EndGlobalSection
EndGlobal
